
Microsoft Visual Studio Solution File, Format Version 12.00
# Visual Studio Version 16
VisualStudioVersion = 16.0.29519.87
MinimumVisualStudioVersion = 10.0.40219.1
Project("{9A19103F-16F7-4668-BE54-9A1E7A4F7556}") = "HGV.Tarrasque.Common", "HGV.Tarrasque.Common\HGV.Tarrasque.Common.csproj", "{A493FF01-0475-4353-9F5C-43F211A78109}"
EndProject
Project("{9A19103F-16F7-4668-BE54-9A1E7A4F7556}") = "HGV.Tarrasque.ProcessMatch", "HGV.Tarrasque.ProcessMatch\HGV.Tarrasque.ProcessMatch.csproj", "{B096C783-2853-4167-AB66-B344592C72D9}"
EndProject
Project("{9A19103F-16F7-4668-BE54-9A1E7A4F7556}") = "HGV.Tarrasque.ProcessCheckpoint", "HGV.Tarrasque.ProcessCheckpoint\HGV.Tarrasque.ProcessCheckpoint.csproj", "{DF032007-3314-485F-AAED-C510ED514247}"
EndProject
Global
	GlobalSection(SolutionConfigurationPlatforms) = preSolution
		Debug|Any CPU = Debug|Any CPU
		Release|Any CPU = Release|Any CPU
	EndGlobalSection
	GlobalSection(ProjectConfigurationPlatforms) = postSolution
		{A493FF01-0475-4353-9F5C-43F211A78109}.Debug|Any CPU.ActiveCfg = Debug|Any CPU
		{A493FF01-0475-4353-9F5C-43F211A78109}.Debug|Any CPU.Build.0 = Debug|Any CPU
		{A493FF01-0475-4353-9F5C-43F211A78109}.Release|Any CPU.ActiveCfg = Release|Any CPU
		{A493FF01-0475-4353-9F5C-43F211A78109}.Release|Any CPU.Build.0 = Release|Any CPU
		{B096C783-2853-4167-AB66-B344592C72D9}.Debug|Any CPU.ActiveCfg = Debug|Any CPU
		{B096C783-2853-4167-AB66-B344592C72D9}.Debug|Any CPU.Build.0 = Debug|Any CPU
		{B096C783-2853-4167-AB66-B344592C72D9}.Release|Any CPU.ActiveCfg = Release|Any CPU
		{B096C783-2853-4167-AB66-B344592C72D9}.Release|Any CPU.Build.0 = Release|Any CPU
		{DF032007-3314-485F-AAED-C510ED514247}.Debug|Any CPU.ActiveCfg = Debug|Any CPU
		{DF032007-3314-485F-AAED-C510ED514247}.Debug|Any CPU.Build.0 = Debug|Any CPU
		{DF032007-3314-485F-AAED-C510ED514247}.Release|Any CPU.ActiveCfg = Release|Any CPU
		{DF032007-3314-485F-AAED-C510ED514247}.Release|Any CPU.Build.0 = Release|Any CPU
	EndGlobalSection
	GlobalSection(SolutionProperties) = preSolution
		HideSolutionNode = FALSE
	EndGlobalSection
	GlobalSection(ExtensibilityGlobals) = postSolution
		SolutionGuid = {B914A6C1-E2CD-4E80-9E9E-BF096BB6FCCC}
	EndGlobalSection
EndGlobal
